
Microsoft Visual Studio Solution File, Format Version 12.00
# Visual Studio 2012
Project("{FAE04EC0-301F-11D3-BF4B-00C04F79EFBC}") = "WindowsFormsHelloWorld", "WindowsFormsHelloWorld.csproj", "{302BBB78-7A02-4D5D-8E8A-2DF25403811C}"
EndProject
Global
	GlobalSection(SolutionConfigurationPlatforms) = preSolution
		Debug|Any CPU = Debug|Any CPU
		Release|Any CPU = Release|Any CPU
	EndGlobalSection
	GlobalSection(ProjectConfigurationPlatforms) = postSolution
		{302BBB78-7A02-4D5D-8E8A-2DF25403811C}.Debug|Any CPU.ActiveCfg = Debug|Any CPU
		{302BBB78-7A02-4D5D-8E8A-2DF25403811C}.Debug|Any CPU.Build.0 = Debug|Any CPU
		{302BBB78-7A02-4D5D-8E8A-2DF25403811C}.Release|Any CPU.ActiveCfg = Release|Any CPU
		{302BBB78-7A02-4D5D-8E8A-2DF25403811C}.Release|Any CPU.Build.0 = Release|Any CPU
	EndGlobalSection
	GlobalSection(SolutionProperties) = preSolution
		HideSolutionNode = FALSE
	EndGlobalSection
EndGlobal
